
Microsoft Visual Studio Solution File, Format Version 12.00
# Visual Studio Version 17
VisualStudioVersion = 17.12.35527.113 d17.12
MinimumVisualStudioVersion = 10.0.40219.1
Project("{FAE04EC0-301F-11D3-BF4B-00C04F79EFBC}") = "3zadacha", "3zadacha\3zadacha.csproj", "{22F1B1D7-9D3A-498D-A17E-78CDD3F2393E}"
EndProject
Project("{FAE04EC0-301F-11D3-BF4B-00C04F79EFBC}") = "zadacha4", "zadacha4\zadacha4.csproj", "{0165B651-83FF-4DE6-A38C-40DBB6D9E338}"
EndProject
Global
	GlobalSection(SolutionConfigurationPlatforms) = preSolution
		Debug|Any CPU = Debug|Any CPU
		Release|Any CPU = Release|Any CPU
	EndGlobalSection
	GlobalSection(ProjectConfigurationPlatforms) = postSolution
		{22F1B1D7-9D3A-498D-A17E-78CDD3F2393E}.Debug|Any CPU.ActiveCfg = Debug|Any CPU
		{22F1B1D7-9D3A-498D-A17E-78CDD3F2393E}.Debug|Any CPU.Build.0 = Debug|Any CPU
		{22F1B1D7-9D3A-498D-A17E-78CDD3F2393E}.Release|Any CPU.ActiveCfg = Release|Any CPU
		{22F1B1D7-9D3A-498D-A17E-78CDD3F2393E}.Release|Any CPU.Build.0 = Release|Any CPU
		{0165B651-83FF-4DE6-A38C-40DBB6D9E338}.Debug|Any CPU.ActiveCfg = Debug|Any CPU
		{0165B651-83FF-4DE6-A38C-40DBB6D9E338}.Debug|Any CPU.Build.0 = Debug|Any CPU
		{0165B651-83FF-4DE6-A38C-40DBB6D9E338}.Release|Any CPU.ActiveCfg = Release|Any CPU
		{0165B651-83FF-4DE6-A38C-40DBB6D9E338}.Release|Any CPU.Build.0 = Release|Any CPU
	EndGlobalSection
	GlobalSection(SolutionProperties) = preSolution
		HideSolutionNode = FALSE
	EndGlobalSection
EndGlobal
